
Microsoft Visual Studio Solution File, Format Version 12.00
# Visual Studio Version 17
VisualStudioVersion = 17.2.32630.192
MinimumVisualStudioVersion = 10.0.40219.1
Project("{FAE04EC0-301F-11D3-BF4B-00C04F79EFBC}") = "SnakeGame", "SnakeGame\SnakeGame.csproj", "{028E3C17-4F4D-4F56-A29F-C5EA25861F1B}"
EndProject
Global
	GlobalSection(SolutionConfigurationPlatforms) = preSolution
		Debug|Any CPU = Debug|Any CPU
		Release|Any CPU = Release|Any CPU
	EndGlobalSection
	GlobalSection(ProjectConfigurationPlatforms) = postSolution
		{028E3C17-4F4D-4F56-A29F-C5EA25861F1B}.Debug|Any CPU.ActiveCfg = Debug|Any CPU
		{028E3C17-4F4D-4F56-A29F-C5EA25861F1B}.Debug|Any CPU.Build.0 = Debug|Any CPU
		{028E3C17-4F4D-4F56-A29F-C5EA25861F1B}.Release|Any CPU.ActiveCfg = Release|Any CPU
		{028E3C17-4F4D-4F56-A29F-C5EA25861F1B}.Release|Any CPU.Build.0 = Release|Any CPU
	EndGlobalSection
	GlobalSection(SolutionProperties) = preSolution
		HideSolutionNode = FALSE
	EndGlobalSection
	GlobalSection(ExtensibilityGlobals) = postSolution
		SolutionGuid = {EDAFF89F-8040-4961-BC0F-E25063A93018}
	EndGlobalSection
EndGlobal
